
Microsoft Visual Studio Solution File, Format Version 12.00
# Visual Studio Version 17
VisualStudioVersion = 17.0.31919.166
MinimumVisualStudioVersion = 10.0.40219.1
Project("{FAE04EC0-301F-11D3-BF4B-00C04F79EFBC}") = "ExelProd", "ExelProd\ExelProd.csproj", "{6517E096-BD53-45D4-9ABC-FF2472E746A5}"
EndProject
Global
	GlobalSection(SolutionConfigurationPlatforms) = preSolution
		Debug|Any CPU = Debug|Any CPU
		Release|Any CPU = Release|Any CPU
	EndGlobalSection
	GlobalSection(ProjectConfigurationPlatforms) = postSolution
		{6517E096-BD53-45D4-9ABC-FF2472E746A5}.Debug|Any CPU.ActiveCfg = Debug|Any CPU
		{6517E096-BD53-45D4-9ABC-FF2472E746A5}.Debug|Any CPU.Build.0 = Debug|Any CPU
		{6517E096-BD53-45D4-9ABC-FF2472E746A5}.Release|Any CPU.ActiveCfg = Release|Any CPU
		{6517E096-BD53-45D4-9ABC-FF2472E746A5}.Release|Any CPU.Build.0 = Release|Any CPU
	EndGlobalSection
	GlobalSection(SolutionProperties) = preSolution
		HideSolutionNode = FALSE
	EndGlobalSection
	GlobalSection(ExtensibilityGlobals) = postSolution
		SolutionGuid = {85C0DBD1-1899-4A1D-9D25-136E8B63CA09}
	EndGlobalSection
EndGlobal
